
Microsoft Visual Studio Solution File, Format Version 12.00
# Visual Studio Version 17
VisualStudioVersion = 17.14.37614.0 d17.14
MinimumVisualStudioVersion = 10.0.40219.1
Project("{FAE04EC0-301F-11D3-BF4B-00C04F79EFBC}") = "lgblesson04Lab", "lgblesson04Lab\lgblesson04Lab.csproj", "{59B76D93-42ED-43D2-A370-303C96745257}"
EndProject
Global
	GlobalSection(SolutionConfigurationPlatforms) = preSolution
		Debug|Any CPU = Debug|Any CPU
		Release|Any CPU = Release|Any CPU
	EndGlobalSection
	GlobalSection(ProjectConfigurationPlatforms) = postSolution
		{59B76D93-42ED-43D2-A370-303C96745257}.Debug|Any CPU.ActiveCfg = Debug|Any CPU
		{59B76D93-42ED-43D2-A370-303C96745257}.Debug|Any CPU.Build.0 = Debug|Any CPU
		{59B76D93-42ED-43D2-A370-303C96745257}.Release|Any CPU.ActiveCfg = Release|Any CPU
		{59B76D93-42ED-43D2-A370-303C96745257}.Release|Any CPU.Build.0 = Release|Any CPU
	EndGlobalSection
	GlobalSection(SolutionProperties) = preSolution
		HideSolutionNode = FALSE
	EndGlobalSection
	GlobalSection(ExtensibilityGlobals) = postSolution
		SolutionGuid = {8DF2F94E-C040-4140-B58F-54DE6CE9CA07}
	EndGlobalSection
EndGlobal
